
Microsoft Visual Studio Solution File, Format Version 12.00
# Visual Studio Version 17
VisualStudioVersion = 17.9.34902.65
MinimumVisualStudioVersion = 10.0.40219.1
Project("{FAE04EC0-301F-11D3-BF4B-00C04F79EFBC}") = "ProjetilPBL", "ProjetilPBL\ProjetilPBL.csproj", "{1BAE03B0-375A-4F22-BBEB-8D332ABDED11}"
EndProject
Global
	GlobalSection(SolutionConfigurationPlatforms) = preSolution
		Debug|Any CPU = Debug|Any CPU
		Release|Any CPU = Release|Any CPU
	EndGlobalSection
	GlobalSection(ProjectConfigurationPlatforms) = postSolution
		{1BAE03B0-375A-4F22-BBEB-8D332ABDED11}.Debug|Any CPU.ActiveCfg = Debug|Any CPU
		{1BAE03B0-375A-4F22-BBEB-8D332ABDED11}.Debug|Any CPU.Build.0 = Debug|Any CPU
		{1BAE03B0-375A-4F22-BBEB-8D332ABDED11}.Release|Any CPU.ActiveCfg = Release|Any CPU
		{1BAE03B0-375A-4F22-BBEB-8D332ABDED11}.Release|Any CPU.Build.0 = Release|Any CPU
	EndGlobalSection
	GlobalSection(SolutionProperties) = preSolution
		HideSolutionNode = FALSE
	EndGlobalSection
	GlobalSection(ExtensibilityGlobals) = postSolution
		SolutionGuid = {3235FA0F-4E3E-4BF7-985B-DB740E6BBECF}
	EndGlobalSection
EndGlobal
